
Microsoft Visual Studio Solution File, Format Version 12.00
# Visual Studio Version 17
VisualStudioVersion = 17.4.33205.214
MinimumVisualStudioVersion = 10.0.40219.1
Project("{888888A0-9F3D-457C-B088-3A5042F75D52}") = "graafika", "graafika.pyproj", "{48246005-D9BA-49A9-9416-28B16B4287ED}"
EndProject
Global
	GlobalSection(SolutionConfigurationPlatforms) = preSolution
		Debug|Any CPU = Debug|Any CPU
		Release|Any CPU = Release|Any CPU
	EndGlobalSection
	GlobalSection(ProjectConfigurationPlatforms) = postSolution
		{48246005-D9BA-49A9-9416-28B16B4287ED}.Debug|Any CPU.ActiveCfg = Debug|Any CPU
		{48246005-D9BA-49A9-9416-28B16B4287ED}.Release|Any CPU.ActiveCfg = Release|Any CPU
	EndGlobalSection
	GlobalSection(SolutionProperties) = preSolution
		HideSolutionNode = FALSE
	EndGlobalSection
	GlobalSection(ExtensibilityGlobals) = postSolution
		SolutionGuid = {1ABFEF52-7C25-4EEA-8A68-346F8B1DE4C1}
	EndGlobalSection
EndGlobal
